<?xml version="1.0" encoding="UTF-8" standalone="yes" ?>
<CodeBlocks_project_file>
	<FileVersion major="1" minor="6" />
	<Project>
		<Option title="ogles1_1" />
		<Option pch_mode="2" />
		<Option compiler="gcc" />
		<Build>
			<Target title="Debug">
				<Option output="bin/Debug/ogles1_1" prefix_auto="1" extension_auto="1" />
				<Option object_output="obj/Debug/" />
				<Option type="1" />
				<Option compiler="gcc" />
				<Compiler>
					<Add option="-g" />
				</Compiler>
			</Target>
			<Target title="Release">
				<Option output="bin/Release/ogles1_1" prefix_auto="1" extension_auto="1" />
				<Option object_output="obj/Release/" />
				<Option type="1" />
				<Option compiler="gcc" />
				<Compiler>
					<Add option="-O2" />
				</Compiler>
				<Linker>
					<Add option="-s" />
				</Linker>
			</Target>
		</Build>
		<Compiler>
			<Add option="-Wall" />
			<Add option="-fexceptions" />
			<Add directory="include" />
		</Compiler>
		<Unit filename="bitmap.cpp" />
		<Unit filename="bitmap.h" />
		<Unit filename="include/GLES3/gl3.h" />
		<Unit filename="include/GLES3/gl3platform.h" />
		<Unit filename="include/KHR/khrplatform.h" />
		<Unit filename="main.cpp" />
		<Unit filename="src/GPU/driver.cpp" />
		<Unit filename="src/GPU/driver.h" />
		<Unit filename="src/GPU/geometry.cpp" />
		<Unit filename="src/GPU/geometry.h" />
		<Unit filename="src/GPU/gpu_config.h" />
		<Unit filename="src/GPU/gpu_core.cpp" />
		<Unit filename="src/GPU/gpu_core.h" />
		<Unit filename="src/GPU/rasterizer.cpp" />
		<Unit filename="src/GPU/rasterizer.h" />
		<Unit filename="src/context.cpp" />
		<Unit filename="src/context.h" />
		<Unit filename="src/context_glapi.cpp" />
		<Unit filename="src/gl3.cpp" />
		<Unit filename="src/type.h" />
		<Extensions>
			<code_completion />
			<envvars />
			<debugger />
			<DoxyBlocks>
				<comment_style block="0" line="0" />
				<doxyfile_project />
				<doxyfile_build />
				<doxyfile_warnings />
				<doxyfile_output />
				<doxyfile_dot />
				<general />
			</DoxyBlocks>
		</Extensions>
	</Project>
</CodeBlocks_project_file>
