<?xml version="1.0" encoding="UTF-8" standalone="yes" ?>
<CodeBlocks_project_file>
	<FileVersion major="1" minor="6" />
	<Project>
		<Option title="opengl4" />
		<Option pch_mode="2" />
		<Option compiler="gcc" />
		<Build>
			<Target title="win32">
				<Option output="opengl4" prefix_auto="1" extension_auto="1" />
				<Option object_output="obj/win32/" />
				<Option type="1" />
				<Option compiler="gcc" />
				<Compiler>
					<Add option="-g" />
					<Add option="-static -static-libgcc -static-libstdc++" />
				</Compiler>
				<Linker>
					<Add library="glfw3" />
					<Add library="gdi32" />
					<Add library="glu32" />
					<Add library="opengl32" />
					<Add directory="lib" />
				</Linker>
			</Target>
			<Target title="linux">
				<Option output="opengl4" prefix_auto="1" extension_auto="1" />
				<Option object_output="objs/linux" />
				<Option type="1" />
				<Option compiler="gcc" />
				<Linker>
					<Add library="Xi" />
					<Add library="GL" />
					<Add library="GLU" />
					<Add library="glfw3" />
					<Add library="Xxf86vm" />
					<Add library="X11" />
					<Add library="Xrandr" />
					<Add library="pthread" />
					<Add library="Xinerama" />
					<Add library="Xcursor" />
				</Linker>
			</Target>
		</Build>
		<Compiler>
			<Add option="-Wall" />
			<Add option="-std=c++11" />
			<Add option="-DGLEW_STATIC" />
			<Add directory="include" />
			<Add directory="external" />
		</Compiler>
		<Unit filename="external/bitmap.cpp" />
		<Unit filename="external/bitmap.h" />
		<Unit filename="external/glew.c">
			<Option compilerVar="CC" />
		</Unit>
		<Unit filename="external/shader.cpp" />
		<Unit filename="external/shader.h" />
		<Unit filename="include/GL/glew.h" />
		<Unit filename="main_gl4.cpp" />
		<Extensions>
			<code_completion />
			<envvars />
			<debugger />
			<DoxyBlocks>
				<comment_style block="0" line="0" />
				<doxyfile_project />
				<doxyfile_build />
				<doxyfile_warnings />
				<doxyfile_output />
				<doxyfile_dot />
				<general />
			</DoxyBlocks>
		</Extensions>
	</Project>
</CodeBlocks_project_file>
